// !$*UTF8*$!
{
	archiveVersion = 1;
	classes = {
	};
	objectVersion = 50;
	objects = {

/* Begin PBXBuildFile section */
		3825087824782A8000D36A92 /* AppDelegate.swift in Sources */ = {isa = PBXBuildFile; fileRef = 3825087724782A8000D36A92 /* AppDelegate.swift */; };
		3825087A24782A8000D36A92 /* SceneDelegate.swift in Sources */ = {isa = PBXBuildFile; fileRef = 3825087924782A8000D36A92 /* SceneDelegate.swift */; };
		3825087C24782A8000D36A92 /* ViewController.swift in Sources */ = {isa = PBXBuildFile; fileRef = 3825087B24782A8000D36A92 /* ViewController.swift */; };
		3825087F24782A8000D36A92 /* Main.storyboard in Resources */ = {isa = PBXBuildFile; fileRef = 3825087D24782A8000D36A92 /* Main.storyboard */; };
		3825088124782A8400D36A92 /* Assets.xcassets in Resources */ = {isa = PBXBuildFile; fileRef = 3825088024782A8400D36A92 /* Assets.xcassets */; };
		3825088424782A8400D36A92 /* LaunchScreen.storyboard in Resources */ = {isa = PBXBuildFile; fileRef = 3825088224782A8400D36A92 /* LaunchScreen.storyboard */; };
		38C5487B247E220E00BC295B /* ChartsViewController.swift in Sources */ = {isa = PBXBuildFile; fileRef = 38C5487A247E220E00BC295B /* ChartsViewController.swift */; };
		5F8419F14D41A0802D9A0152 /* Pods_HitstogramApp.framework in Frameworks */ = {isa = PBXBuildFile; fileRef = 931536A448A12F79B2F0F274 /* Pods_HitstogramApp.framework */; };
/* End PBXBuildFile section */

/* Begin PBXFileReference section */
		2903F2CFB5251ED23EC9F589 /* Pods-HitstogramApp.release.xcconfig */ = {isa = PBXFileReference; includeInIndex = 1; lastKnownFileType = text.xcconfig; name = "Pods-HitstogramApp.release.xcconfig"; path = "Target Support Files/Pods-HitstogramApp/Pods-HitstogramApp.release.xcconfig"; sourceTree = "<group>"; };
		3825087424782A8000D36A92 /* HitstogramApp.app */ = {isa = PBXFileReference; explicitFileType = wrapper.application; includeInIndex = 0; path = HitstogramApp.app; sourceTree = BUILT_PRODUCTS_DIR; };
		3825087724782A8000D36A92 /* AppDelegate.swift */ = {isa = PBXFileReference; lastKnownFileType = sourcecode.swift; path = AppDelegate.swift; sourceTree = "<group>"; };
		3825087924782A8000D36A92 /* SceneDelegate.swift */ = {isa = PBXFileReference; lastKnownFileType = sourcecode.swift; path = SceneDelegate.swift; sourceTree = "<group>"; };
		3825087B24782A8000D36A92 /* ViewController.swift */ = {isa = PBXFileReference; lastKnownFileType = sourcecode.swift; path = ViewController.swift; sourceTree = "<group>"; };
		3825087E24782A8000D36A92 /* Base */ = {isa = PBXFileReference; lastKnownFileType = file.storyboard; name = Base; path = Base.lproj/Main.storyboard; sourceTree = "<group>"; };
		3825088024782A8400D36A92 /* Assets.xcassets */ = {isa = PBXFileReference; lastKnownFileType = folder.assetcatalog; path = Assets.xcassets; sourceTree = "<group>"; };
		3825088324782A8400D36A92 /* Base */ = {isa = PBXFileReference; lastKnownFileType = file.storyboard; name = Base; path = Base.lproj/LaunchScreen.storyboard; sourceTree = "<group>"; };
		3825088524782A8400D36A92 /* Info.plist */ = {isa = PBXFileReference; lastKnownFileType = text.plist.xml; path = Info.plist; sourceTree = "<group>"; };
		38C5487A247E220E00BC295B /* ChartsViewController.swift */ = {isa = PBXFileReference; lastKnownFileType = sourcecode.swift; path = ChartsViewController.swift; sourceTree = "<group>"; };
		4653B4A8A61462EAF4F0A0EE /* Pods-HitstogramApp.debug.xcconfig */ = {isa = PBXFileReference; includeInIndex = 1; lastKnownFileType = text.xcconfig; name = "Pods-HitstogramApp.debug.xcconfig"; path = "Target Support Files/Pods-HitstogramApp/Pods-HitstogramApp.debug.xcconfig"; sourceTree = "<group>"; };
		931536A448A12F79B2F0F274 /* Pods_HitstogramApp.framework */ = {isa = PBXFileReference; explicitFileType = wrapper.framework; includeInIndex = 0; path = Pods_HitstogramApp.framework; sourceTree = BUILT_PRODUCTS_DIR; };
/* End PBXFileReference section */

/* Begin PBXFrameworksBuildPhase section */
		3825087124782A8000D36A92 /* Frameworks */ = {
			isa = PBXFrameworksBuildPhase;
			buildActionMask = 2147483647;
			files = (
				5F8419F14D41A0802D9A0152 /* Pods_HitstogramApp.framework in Frameworks */,
			);
			runOnlyForDeploymentPostprocessing = 0;
		};
/* End PBXFrameworksBuildPhase section */

/* Begin PBXGroup section */
		1BF0CC65C366875E14E9C97A /* Pods */ = {
			isa = PBXGroup;
			children = (
				4653B4A8A61462EAF4F0A0EE /* Pods-HitstogramApp.debug.xcconfig */,
				2903F2CFB5251ED23EC9F589 /* Pods-HitstogramApp.release.xcconfig */,
			);
			name = Pods;
			path = Pods;
			sourceTree = "<group>";
		};
		3825086B24782A8000D36A92 = {
			isa = PBXGroup;
			children = (
				3825087624782A8000D36A92 /* HitstogramApp */,
				3825087524782A8000D36A92 /* Products */,
				1BF0CC65C366875E14E9C97A /* Pods */,
				ACCAF3EFC34EADCDB098DB92 /* Frameworks */,
			);
			sourceTree = "<group>";
		};
		3825087524782A8000D36A92 /* Products */ = {
			isa = PBXGroup;
			children = (
				3825087424782A8000D36A92 /* HitstogramApp.app */,
			);
			name = Products;
			sourceTree = "<group>";
		};
		3825087624782A8000D36A92 /* HitstogramApp */ = {
			isa = PBXGroup;
			children = (
				3825087724782A8000D36A92 /* AppDelegate.swift */,
				3825087924782A8000D36A92 /* SceneDelegate.swift */,
				3825087B24782A8000D36A92 /* ViewController.swift */,
				3825087D24782A8000D36A92 /* Main.storyboard */,
				3825088024782A8400D36A92 /* Assets.xcassets */,
				3825088224782A8400D36A92 /* LaunchScreen.storyboard */,
				3825088524782A8400D36A92 /* Info.plist */,
				38C5487A247E220E00BC295B /* ChartsViewController.swift */,
			);
			path = HitstogramApp;
			sourceTree = "<group>";
		};
		ACCAF3EFC34EADCDB098DB92 /* Frameworks */ = {
			isa = PBXGroup;
			children = (
				931536A448A12F79B2F0F274 /* Pods_HitstogramApp.framework */,
			);
			name = Frameworks;
			sourceTree = "<group>";
		};
/* End PBXGroup section */

/* Begin PBXNativeTarget section */
		3825087324782A8000D36A92 /* HitstogramApp */ = {
			isa = PBXNativeTarget;
			buildConfigurationList = 3825088824782A8400D36A92 /* Build configuration list for PBXNativeTarget "HitstogramApp" */;
			buildPhases = (
				572A8A5F32E0FAB181EDA403 /* [CP] Check Pods Manifest.lock */,
				3825087024782A8000D36A92 /* Sources */,
				3825087124782A8000D36A92 /* Frameworks */,
				3825087224782A8000D36A92 /* Resources */,
				7668F1A8332E3F7A9CDB983C /* [CP] Embed Pods Frameworks */,
			);
			buildRules = (
			);
			dependencies = (
			);
			name = HitstogramApp;
			productName = HitstogramApp;
			productReference = 3825087424782A8000D36A92 /* HitstogramApp.app */;
			productType = "com.apple.product-type.application";
		};
/* End PBXNativeTarget section */

/* Begin PBXProject section */
		3825086C24782A8000D36A92 /* Project object */ = {
			isa = PBXProject;
			attributes = {
				LastSwiftUpdateCheck = 1140;
				LastUpgradeCheck = 1140;
				ORGANIZATIONNAME = "石澤大輔";
				TargetAttributes = {
					3825087324782A8000D36A92 = {
						CreatedOnToolsVersion = 11.4.1;
					};
				};
			};
			buildConfigurationList = 3825086F24782A8000D36A92 /* Build configuration list for PBXProject "HitstogramApp" */;
			compatibilityVersion = "Xcode 9.3";
			developmentRegion = en;
			hasScannedForEncodings = 0;
			knownRegions = (
				en,
				Base,
			);
			mainGroup = 3825086B24782A8000D36A92;
			productRefGroup = 3825087524782A8000D36A92 /* Products */;
			projectDirPath = "";
			projectRoot = "";
			targets = (
				3825087324782A8000D36A92 /* HitstogramApp */,
			);
		};
/* End PBXProject section */

/* Begin PBXResourcesBuildPhase section */
		3825087224782A8000D36A92 /* Resources */ = {
			isa = PBXResourcesBuildPhase;
			buildActionMask = 2147483647;
			files = (
				3825088424782A8400D36A92 /* LaunchScreen.storyboard in Resources */,
				3825088124782A8400D36A92 /* Assets.xcassets in Resources */,
				3825087F24782A8000D36A92 /* Main.storyboard in Resources */,
			);
			runOnlyForDeploymentPostprocessing = 0;
		};
/* End PBXResourcesBuildPhase section */

/* Begin PBXShellScriptBuildPhase section */
		572A8A5F32E0FAB181EDA403 /* [CP] Check Pods Manifest.lock */ = {
			isa = PBXShellScriptBuildPhase;
			buildActionMask = 2147483647;
			files = (
			);
			inputFileListPaths = (
			);
			inputPaths = (
				"${PODS_PODFILE_DIR_PATH}/Podfile.lock",
				"${PODS_ROOT}/Manifest.lock",
			);
			name = "[CP] Check Pods Manifest.lock";
			outputFileListPaths = (
			);
			outputPaths = (
				"$(DERIVED_FILE_DIR)/Pods-HitstogramApp-checkManifestLockResult.txt",
			);
			runOnlyForDeploymentPostprocessing = 0;
			shellPath = /bin/sh;
			shellScript = "diff \"${PODS_PODFILE_DIR_PATH}/Podfile.lock\" \"${PODS_ROOT}/Manifest.lock\" > /dev/null\nif [ $? != 0 ] ; then\n    # print error to STDERR\n    echo \"error: The sandbox is not in sync with the Podfile.lock. Run 'pod install' or update your CocoaPods installation.\" >&2\n    exit 1\nfi\n# This output is used by Xcode 'outputs' to avoid re-running this script phase.\necho \"SUCCESS\" > \"${SCRIPT_OUTPUT_FILE_0}\"\n";
			showEnvVarsInLog = 0;
		};
		7668F1A8332E3F7A9CDB983C /* [CP] Embed Pods Frameworks */ = {
			isa = PBXShellScriptBuildPhase;
			buildActionMask = 2147483647;
			files = (
			);
			inputFileListPaths = (
				"${PODS_ROOT}/Target Support Files/Pods-HitstogramApp/Pods-HitstogramApp-frameworks-${CONFIGURATION}-input-files.xcfilelist",
			);
			name = "[CP] Embed Pods Frameworks";
			outputFileListPaths = (
				"${PODS_ROOT}/Target Support Files/Pods-HitstogramApp/Pods-HitstogramApp-frameworks-${CONFIGURATION}-output-files.xcfilelist",
			);
			runOnlyForDeploymentPostprocessing = 0;
			shellPath = /bin/sh;
			shellScript = "\"${PODS_ROOT}/Target Support Files/Pods-HitstogramApp/Pods-HitstogramApp-frameworks.sh\"\n";
			showEnvVarsInLog = 0;
		};
/* End PBXShellScriptBuildPhase section */

/* Begin PBXSourcesBuildPhase section */
		3825087024782A8000D36A92 /* Sources */ = {
			isa = PBXSourcesBuildPhase;
			buildActionMask = 2147483647;
			files = (
				3825087C24782A8000D36A92 /* ViewController.swift in Sources */,
				38C5487B247E220E00BC295B /* ChartsViewController.swift in Sources */,
				3825087824782A8000D36A92 /* AppDelegate.swift in Sources */,
				3825087A24782A8000D36A92 /* SceneDelegate.swift in Sources */,
			);
			runOnlyForDeploymentPostprocessing = 0;
		};
/* End PBXSourcesBuildPhase section */

/* Begin PBXVariantGroup section */
		3825087D24782A8000D36A92 /* Main.storyboard */ = {
			isa = PBXVariantGroup;
			children = (
				3825087E24782A8000D36A92 /* Base */,
			);
			name = Main.storyboard;
			sourceTree = "<group>";
		};
		3825088224782A8400D36A92 /* LaunchScreen.storyboard */ = {
			isa = PBXVariantGroup;
			children = (
				3825088324782A8400D36A92 /* Base */,
			);
			name = LaunchScreen.storyboard;
			sourceTree = "<group>";
		};
/* End PBXVariantGroup section */

/* Begin XCBuildConfiguration section */
		3825088624782A8400D36A92 /* Debug */ = {
			isa = XCBuildConfiguration;
			buildSettings = {
				ALWAYS_SEARCH_USER_PATHS = NO;
				CLANG_ANALYZER_NONNULL = YES;
				CLANG_ANALYZER_NUMBER_OBJECT_CONVERSION = YES_AGGRESSIVE;
				CLANG_CXX_LANGUAGE_STANDARD = "gnu++14";
				CLANG_CXX_LIBRARY = "libc++";
				CLANG_ENABLE_MODULES = YES;
				CLANG_ENABLE_OBJC_ARC = YES;
				CLANG_ENABLE_OBJC_WEAK = YES;
				CLANG_WARN_BLOCK_CAPTURE_AUTORELEASING = YES;
				CLANG_WARN_BOOL_CONVERSION = YES;
				CLANG_WARN_COMMA = YES;
				CLANG_WARN_CONSTANT_CONVERSION = YES;
				CLANG_WARN_DEPRECATED_OBJC_IMPLEMENTATIONS = YES;
				CLANG_WARN_DIRECT_OBJC_ISA_USAGE = YES_ERROR;
				CLANG_WARN_DOCUMENTATION_COMMENTS = YES;
				CLANG_WARN_EMPTY_BODY = YES;
				CLANG_WARN_ENUM_CONVERSION = YES;
				CLANG_WARN_INFINITE_RECURSION = YES;
				CLANG_WARN_INT_CONVERSION = YES;
				CLANG_WARN_NON_LITERAL_NULL_CONVERSION = YES;
				CLANG_WARN_OBJC_IMPLICIT_RETAIN_SELF = YES;
				CLANG_WARN_OBJC_LITERAL_CONVERSION = YES;
				CLANG_WARN_OBJC_ROOT_CLASS = YES_ERROR;
				CLANG_WARN_RANGE_LOOP_ANALYSIS = YES;
				CLANG_WARN_STRICT_PROTOTYPES = YES;
				CLANG_WARN_SUSPICIOUS_MOVE = YES;
				CLANG_WARN_UNGUARDED_AVAILABILITY = YES_AGGRESSIVE;
				CLANG_WARN_UNREACHABLE_CODE = YES;
				CLANG_WARN__DUPLICATE_METHOD_MATCH = YES;
				COPY_PHASE_STRIP = NO;
				DEBUG_INFORMATION_FORMAT = dwarf;
				ENABLE_STRICT_OBJC_MSGSEND = YES;
				ENABLE_TESTABILITY = YES;
				GCC_C_LANGUAGE_STANDARD = gnu11;
				GCC_DYNAMIC_NO_PIC = NO;
				GCC_NO_COMMON_BLOCKS = YES;
				GCC_OPTIMIZATION_LEVEL = 0;
				GCC_PREPROCESSOR_DEFINITIONS = (
					"DEBUG=1",
					"$(inherited)",
				);
				GCC_WARN_64_TO_32_BIT_CONVERSION = YES;
				GCC_WARN_ABOUT_RETURN_TYPE = YES_ERROR;
				GCC_WARN_UNDECLARED_SELECTOR = YES;
				GCC_WARN_UNINITIALIZED_AUTOS = YES_AGGRESSIVE;
				GCC_WARN_UNUSED_FUNCTION = YES;
				GCC_WARN_UNUSED_VARIABLE = YES;
				IPHONEOS_DEPLOYMENT_TARGET = 13.4;
				MTL_ENABLE_DEBUG_INFO = INCLUDE_SOURCE;
				MTL_FAST_MATH = YES;
				ONLY_ACTIVE_ARCH = YES;
				SDKROOT = iphoneos;
				SWIFT_ACTIVE_COMPILATION_CONDITIONS = DEBUG;
				SWIFT_OPTIMIZATION_LEVEL = "-Onone";
			};
			name = Debug;
		};
		3825088724782A8400D36A92 /* Release */ = {
			isa = XCBuildConfiguration;
			buildSettings = {
				ALWAYS_SEARCH_USER_PATHS = NO;
				CLANG_ANALYZER_NONNULL = YES;
				CLANG_ANALYZER_NUMBER_OBJECT_CONVERSION = YES_AGGRESSIVE;
				CLANG_CXX_LANGUAGE_STANDARD = "gnu++14";
				CLANG_CXX_LIBRARY = "libc++";
				CLANG_ENABLE_MODULES = YES;
				CLANG_ENABLE_OBJC_ARC = YES;
				CLANG_ENABLE_OBJC_WEAK = YES;
				CLANG_WARN_BLOCK_CAPTURE_AUTORELEASING = YES;
				CLANG_WARN_BOOL_CONVERSION = YES;
				CLANG_WARN_COMMA = YES;
				CLANG_WARN_CONSTANT_CONVERSION = YES;
				CLANG_WARN_DEPRECATED_OBJC_IMPLEMENTATIONS = YES;
				CLANG_WARN_DIRECT_OBJC_ISA_USAGE = YES_ERROR;
				CLANG_WARN_DOCUMENTATION_COMMENTS = YES;
				CLANG_WARN_EMPTY_BODY = YES;
				CLANG_WARN_ENUM_CONVERSION = YES;
				CLANG_WARN_INFINITE_RECURSION = YES;
				CLANG_WARN_INT_CONVERSION = YES;
				CLANG_WARN_NON_LITERAL_NULL_CONVERSION = YES;
				CLANG_WARN_OBJC_IMPLICIT_RETAIN_SELF = YES;
				CLANG_WARN_OBJC_LITERAL_CONVERSION = YES;
				CLANG_WARN_OBJC_ROOT_CLASS = YES_ERROR;
				CLANG_WARN_RANGE_LOOP_ANALYSIS = YES;
				CLANG_WARN_STRICT_PROTOTYPES = YES;
				CLANG_WARN_SUSPICIOUS_MOVE = YES;
				CLANG_WARN_UNGUARDED_AVAILABILITY = YES_AGGRESSIVE;
				CLANG_WARN_UNREACHABLE_CODE = YES;
				CLANG_WARN__DUPLICATE_METHOD_MATCH = YES;
				COPY_PHASE_STRIP = NO;
				DEBUG_INFORMATION_FORMAT = "dwarf-with-dsym";
				ENABLE_NS_ASSERTIONS = NO;
				ENABLE_STRICT_OBJC_MSGSEND = YES;
				GCC_C_LANGUAGE_STANDARD = gnu11;
				GCC_NO_COMMON_BLOCKS = YES;
				GCC_WARN_64_TO_32_BIT_CONVERSION = YES;
				GCC_WARN_ABOUT_RETURN_TYPE = YES_ERROR;
				GCC_WARN_UNDECLARED_SELECTOR = YES;
				GCC_WARN_UNINITIALIZED_AUTOS = YES_AGGRESSIVE;
				GCC_WARN_UNUSED_FUNCTION = YES;
				GCC_WARN_UNUSED_VARIABLE = YES;
				IPHONEOS_DEPLOYMENT_TARGET = 13.4;
				MTL_ENABLE_DEBUG_INFO = NO;
				MTL_FAST_MATH = YES;
				SDKROOT = iphoneos;
				SWIFT_COMPILATION_MODE = wholemodule;
				SWIFT_OPTIMIZATION_LEVEL = "-O";
				VALIDATE_PRODUCT = YES;
			};
			name = Release;
		};
		3825088924782A8400D36A92 /* Debug */ = {
			isa = XCBuildConfiguration;
			baseConfigurationReference = 4653B4A8A61462EAF4F0A0EE /* Pods-HitstogramApp.debug.xcconfig */;
			buildSettings = {
				ASSETCATALOG_COMPILER_APPICON_NAME = AppIcon;
				CODE_SIGN_STYLE = Automatic;
				DEVELOPMENT_TEAM = 5JW9RR8FC8;
				INFOPLIST_FILE = HitstogramApp/Info.plist;
				LD_RUNPATH_SEARCH_PATHS = (
					"$(inherited)",
					"@executable_path/Frameworks",
				);
				PRODUCT_BUNDLE_IDENTIFIER = com.Daisuke.HistogramApp.HitstogramApp;
				PRODUCT_NAME = "$(TARGET_NAME)";
				SWIFT_VERSION = 5.0;
				TARGETED_DEVICE_FAMILY = "1,2";
			};
			name = Debug;
		};
		3825088A24782A8400D36A92 /* Release */ = {
			isa = XCBuildConfiguration;
			baseConfigurationReference = 2903F2CFB5251ED23EC9F589 /* Pods-HitstogramApp.release.xcconfig */;
			buildSettings = {
				ASSETCATALOG_COMPILER_APPICON_NAME = AppIcon;
				CODE_SIGN_STYLE = Automatic;
				DEVELOPMENT_TEAM = 5JW9RR8FC8;
				INFOPLIST_FILE = HitstogramApp/Info.plist;
				LD_RUNPATH_SEARCH_PATHS = (
					"$(inherited)",
					"@executable_path/Frameworks",
				);
				PRODUCT_BUNDLE_IDENTIFIER = com.Daisuke.HistogramApp.HitstogramApp;
				PRODUCT_NAME = "$(TARGET_NAME)";
				SWIFT_VERSION = 5.0;
				TARGETED_DEVICE_FAMILY = "1,2";
			};
			name = Release;
		};
/* End XCBuildConfiguration section */

/* Begin XCConfigurationList section */
		3825086F24782A8000D36A92 /* Build configuration list for PBXProject "HitstogramApp" */ = {
			isa = XCConfigurationList;
			buildConfigurations = (
				3825088624782A8400D36A92 /* Debug */,
				3825088724782A8400D36A92 /* Release */,
			);
			defaultConfigurationIsVisible = 0;
			defaultConfigurationName = Release;
		};
		3825088824782A8400D36A92 /* Build configuration list for PBXNativeTarget "HitstogramApp" */ = {
			isa = XCConfigurationList;
			buildConfigurations = (
				3825088924782A8400D36A92 /* Debug */,
				3825088A24782A8400D36A92 /* Release */,
			);
			defaultConfigurationIsVisible = 0;
			defaultConfigurationName = Release;
		};
/* End XCConfigurationList section */
	};
	rootObject = 3825086C24782A8000D36A92 /* Project object */;
}
